// !$*UTF8*$!
{
	archiveVersion = 1;
	classes = {
	};
	objectVersion = 52;
	objects = {

/* Begin PBXBuildFile section */
		4C132871251E5FA200B3B3B4 /* AppDelegate.swift in Sources */ = {isa = PBXBuildFile; fileRef = 4C132870251E5FA200B3B3B4 /* AppDelegate.swift */; };
		4C132873251E5FA200B3B3B4 /* SceneDelegate.swift in Sources */ = {isa = PBXBuildFile; fileRef = 4C132872251E5FA200B3B3B4 /* SceneDelegate.swift */; };
		4C132875251E5FA200B3B3B4 /* ViewController.swift in Sources */ = {isa = PBXBuildFile; fileRef = 4C132874251E5FA200B3B3B4 /* ViewController.swift */; };
		4C132878251E5FA200B3B3B4 /* Main.storyboard in Resources */ = {isa = PBXBuildFile; fileRef = 4C132876251E5FA200B3B3B4 /* Main.storyboard */; };
		4C13287A251E5FA400B3B3B4 /* Assets.xcassets in Resources */ = {isa = PBXBuildFile; fileRef = 4C132879251E5FA400B3B3B4 /* Assets.xcassets */; };
		4C13287D251E5FA400B3B3B4 /* LaunchScreen.storyboard in Resources */ = {isa = PBXBuildFile; fileRef = 4C13287B251E5FA400B3B3B4 /* LaunchScreen.storyboard */; };
		4C132886251E60D800B3B3B4 /* SetCard.swift in Sources */ = {isa = PBXBuildFile; fileRef = 4C132885251E60D800B3B3B4 /* SetCard.swift */; };
		4C132888251E622800B3B3B4 /* SetCardDeck.swift in Sources */ = {isa = PBXBuildFile; fileRef = 4C132887251E622800B3B3B4 /* SetCardDeck.swift */; };
		4C13288A251E64C900B3B3B4 /* SetGame.swift in Sources */ = {isa = PBXBuildFile; fileRef = 4C132889251E64C900B3B3B4 /* SetGame.swift */; };
/* End PBXBuildFile section */

/* Begin PBXFileReference section */
		4C13286D251E5FA200B3B3B4 /* SetGame.app */ = {isa = PBXFileReference; explicitFileType = wrapper.application; includeInIndex = 0; path = SetGame.app; sourceTree = BUILT_PRODUCTS_DIR; };
		4C132870251E5FA200B3B3B4 /* AppDelegate.swift */ = {isa = PBXFileReference; lastKnownFileType = sourcecode.swift; path = AppDelegate.swift; sourceTree = "<group>"; };
		4C132872251E5FA200B3B3B4 /* SceneDelegate.swift */ = {isa = PBXFileReference; lastKnownFileType = sourcecode.swift; path = SceneDelegate.swift; sourceTree = "<group>"; };
		4C132874251E5FA200B3B3B4 /* ViewController.swift */ = {isa = PBXFileReference; lastKnownFileType = sourcecode.swift; path = ViewController.swift; sourceTree = "<group>"; };
		4C132877251E5FA200B3B3B4 /* Base */ = {isa = PBXFileReference; lastKnownFileType = file.storyboard; name = Base; path = Base.lproj/Main.storyboard; sourceTree = "<group>"; };
		4C132879251E5FA400B3B3B4 /* Assets.xcassets */ = {isa = PBXFileReference; lastKnownFileType = folder.assetcatalog; path = Assets.xcassets; sourceTree = "<group>"; };
		4C13287C251E5FA400B3B3B4 /* Base */ = {isa = PBXFileReference; lastKnownFileType = file.storyboard; name = Base; path = Base.lproj/LaunchScreen.storyboard; sourceTree = "<group>"; };
		4C13287E251E5FA400B3B3B4 /* Info.plist */ = {isa = PBXFileReference; lastKnownFileType = text.plist.xml; path = Info.plist; sourceTree = "<group>"; };
		4C132885251E60D800B3B3B4 /* SetCard.swift */ = {isa = PBXFileReference; lastKnownFileType = sourcecode.swift; path = SetCard.swift; sourceTree = "<group>"; };
		4C132887251E622800B3B3B4 /* SetCardDeck.swift */ = {isa = PBXFileReference; lastKnownFileType = sourcecode.swift; path = SetCardDeck.swift; sourceTree = "<group>"; };
		4C132889251E64C900B3B3B4 /* SetGame.swift */ = {isa = PBXFileReference; lastKnownFileType = sourcecode.swift; path = SetGame.swift; sourceTree = "<group>"; };
/* End PBXFileReference section */

/* Begin PBXFrameworksBuildPhase section */
		4C13286A251E5FA200B3B3B4 /* Frameworks */ = {
			isa = PBXFrameworksBuildPhase;
			buildActionMask = 2147483647;
			files = (
			);
			runOnlyForDeploymentPostprocessing = 0;
		};
/* End PBXFrameworksBuildPhase section */

/* Begin PBXGroup section */
		4C132864251E5FA200B3B3B4 = {
			isa = PBXGroup;
			children = (
				4C13286F251E5FA200B3B3B4 /* SetGame */,
				4C13286E251E5FA200B3B3B4 /* Products */,
			);
			sourceTree = "<group>";
		};
		4C13286E251E5FA200B3B3B4 /* Products */ = {
			isa = PBXGroup;
			children = (
				4C13286D251E5FA200B3B3B4 /* SetGame.app */,
			);
			name = Products;
			sourceTree = "<group>";
		};
		4C13286F251E5FA200B3B3B4 /* SetGame */ = {
			isa = PBXGroup;
			children = (
				4C132884251E607800B3B3B4 /* Supporting Files */,
				4C132874251E5FA200B3B3B4 /* ViewController.swift */,
				4C132889251E64C900B3B3B4 /* SetGame.swift */,
				4C132885251E60D800B3B3B4 /* SetCard.swift */,
				4C132887251E622800B3B3B4 /* SetCardDeck.swift */,
				4C132876251E5FA200B3B3B4 /* Main.storyboard */,
				4C13287B251E5FA400B3B3B4 /* LaunchScreen.storyboard */,
				4C13287E251E5FA400B3B3B4 /* Info.plist */,
			);
			path = SetGame;
			sourceTree = "<group>";
		};
		4C132884251E607800B3B3B4 /* Supporting Files */ = {
			isa = PBXGroup;
			children = (
				4C132879251E5FA400B3B3B4 /* Assets.xcassets */,
				4C132870251E5FA200B3B3B4 /* AppDelegate.swift */,
				4C132872251E5FA200B3B3B4 /* SceneDelegate.swift */,
			);
			path = "Supporting Files";
			sourceTree = "<group>";
		};
/* End PBXGroup section */

/* Begin PBXNativeTarget section */
		4C13286C251E5FA200B3B3B4 /* SetGame */ = {
			isa = PBXNativeTarget;
			buildConfigurationList = 4C132881251E5FA400B3B3B4 /* Build configuration list for PBXNativeTarget "SetGame" */;
			buildPhases = (
				4C132869251E5FA200B3B3B4 /* Sources */,
				4C13286A251E5FA200B3B3B4 /* Frameworks */,
				4C13286B251E5FA200B3B3B4 /* Resources */,
			);
			buildRules = (
			);
			dependencies = (
			);
			name = SetGame;
			productName = SetGame;
			productReference = 4C13286D251E5FA200B3B3B4 /* SetGame.app */;
			productType = "com.apple.product-type.application";
		};
/* End PBXNativeTarget section */

/* Begin PBXProject section */
		4C132865251E5FA200B3B3B4 /* Project object */ = {
			isa = PBXProject;
			attributes = {
				LastSwiftUpdateCheck = 1130;
				LastUpgradeCheck = 1130;
				ORGANIZATIONNAME = "Francisco Cuesta";
				TargetAttributes = {
					4C13286C251E5FA200B3B3B4 = {
						CreatedOnToolsVersion = 11.3.1;
					};
				};
			};
			buildConfigurationList = 4C132868251E5FA200B3B3B4 /* Build configuration list for PBXProject "SetGame" */;
			compatibilityVersion = "Xcode 11.0";
			developmentRegion = en;
			hasScannedForEncodings = 0;
			knownRegions = (
				en,
				Base,
			);
			mainGroup = 4C132864251E5FA200B3B3B4;
			productRefGroup = 4C13286E251E5FA200B3B3B4 /* Products */;
			projectDirPath = "";
			projectRoot = "";
			targets = (
				4C13286C251E5FA200B3B3B4 /* SetGame */,
			);
		};
/* End PBXProject section */

/* Begin PBXResourcesBuildPhase section */
		4C13286B251E5FA200B3B3B4 /* Resources */ = {
			isa = PBXResourcesBuildPhase;
			buildActionMask = 2147483647;
			files = (
				4C13287D251E5FA400B3B3B4 /* LaunchScreen.storyboard in Resources */,
				4C13287A251E5FA400B3B3B4 /* Assets.xcassets in Resources */,
				4C132878251E5FA200B3B3B4 /* Main.storyboard in Resources */,
			);
			runOnlyForDeploymentPostprocessing = 0;
		};
/* End PBXResourcesBuildPhase section */

/* Begin PBXSourcesBuildPhase section */
		4C132869251E5FA200B3B3B4 /* Sources */ = {
			isa = PBXSourcesBuildPhase;
			buildActionMask = 2147483647;
			files = (
				4C132888251E622800B3B3B4 /* SetCardDeck.swift in Sources */,
				4C132875251E5FA200B3B3B4 /* ViewController.swift in Sources */,
				4C132871251E5FA200B3B3B4 /* AppDelegate.swift in Sources */,
				4C132886251E60D800B3B3B4 /* SetCard.swift in Sources */,
				4C13288A251E64C900B3B3B4 /* SetGame.swift in Sources */,
				4C132873251E5FA200B3B3B4 /* SceneDelegate.swift in Sources */,
			);
			runOnlyForDeploymentPostprocessing = 0;
		};
/* End PBXSourcesBuildPhase section */

/* Begin PBXVariantGroup section */
		4C132876251E5FA200B3B3B4 /* Main.storyboard */ = {
			isa = PBXVariantGroup;
			children = (
				4C132877251E5FA200B3B3B4 /* Base */,
			);
			name = Main.storyboard;
			sourceTree = "<group>";
		};
		4C13287B251E5FA400B3B3B4 /* LaunchScreen.storyboard */ = {
			isa = PBXVariantGroup;
			children = (
				4C13287C251E5FA400B3B3B4 /* Base */,
			);
			name = LaunchScreen.storyboard;
			sourceTree = "<group>";
		};
/* End PBXVariantGroup section */

/* Begin XCBuildConfiguration section */
		4C13287F251E5FA400B3B3B4 /* Debug */ = {
			isa = XCBuildConfiguration;
			buildSettings = {
				ALWAYS_SEARCH_USER_PATHS = NO;
				CLANG_ANALYZER_NONNULL = YES;
				CLANG_ANALYZER_NUMBER_OBJECT_CONVERSION = YES_AGGRESSIVE;
				CLANG_CXX_LANGUAGE_STANDARD = "gnu++14";
				CLANG_CXX_LIBRARY = "libc++";
				CLANG_ENABLE_MODULES = YES;
				CLANG_ENABLE_OBJC_ARC = YES;
				CLANG_ENABLE_OBJC_WEAK = YES;
				CLANG_WARN_BLOCK_CAPTURE_AUTORELEASING = YES;
				CLANG_WARN_BOOL_CONVERSION = YES;
				CLANG_WARN_COMMA = YES;
				CLANG_WARN_CONSTANT_CONVERSION = YES;
				CLANG_WARN_DEPRECATED_OBJC_IMPLEMENTATIONS = YES;
				CLANG_WARN_DIRECT_OBJC_ISA_USAGE = YES_ERROR;
				CLANG_WARN_DOCUMENTATION_COMMENTS = YES;
				CLANG_WARN_EMPTY_BODY = YES;
				CLANG_WARN_ENUM_CONVERSION = YES;
				CLANG_WARN_INFINITE_RECURSION = YES;
				CLANG_WARN_INT_CONVERSION = YES;
				CLANG_WARN_NON_LITERAL_NULL_CONVERSION = YES;
				CLANG_WARN_OBJC_IMPLICIT_RETAIN_SELF = YES;
				CLANG_WARN_OBJC_LITERAL_CONVERSION = YES;
				CLANG_WARN_OBJC_ROOT_CLASS = YES_ERROR;
				CLANG_WARN_RANGE_LOOP_ANALYSIS = YES;
				CLANG_WARN_STRICT_PROTOTYPES = YES;
				CLANG_WARN_SUSPICIOUS_MOVE = YES;
				CLANG_WARN_UNGUARDED_AVAILABILITY = YES_AGGRESSIVE;
				CLANG_WARN_UNREACHABLE_CODE = YES;
				CLANG_WARN__DUPLICATE_METHOD_MATCH = YES;
				COPY_PHASE_STRIP = NO;
				DEBUG_INFORMATION_FORMAT = dwarf;
				ENABLE_STRICT_OBJC_MSGSEND = YES;
				ENABLE_TESTABILITY = YES;
				GCC_C_LANGUAGE_STANDARD = gnu11;
				GCC_DYNAMIC_NO_PIC = NO;
				GCC_NO_COMMON_BLOCKS = YES;
				GCC_OPTIMIZATION_LEVEL = 0;
				GCC_PREPROCESSOR_DEFINITIONS = (
					"DEBUG=1",
					"$(inherited)",
				);
				GCC_WARN_64_TO_32_BIT_CONVERSION = YES;
				GCC_WARN_ABOUT_RETURN_TYPE = YES_ERROR;
				GCC_WARN_UNDECLARED_SELECTOR = YES;
				GCC_WARN_UNINITIALIZED_AUTOS = YES_AGGRESSIVE;
				GCC_WARN_UNUSED_FUNCTION = YES;
				GCC_WARN_UNUSED_VARIABLE = YES;
				IPHONEOS_DEPLOYMENT_TARGET = 13.0;
				MTL_ENABLE_DEBUG_INFO = INCLUDE_SOURCE;
				MTL_FAST_MATH = YES;
				ONLY_ACTIVE_ARCH = YES;
				SDKROOT = iphoneos;
				SWIFT_ACTIVE_COMPILATION_CONDITIONS = DEBUG;
				SWIFT_OPTIMIZATION_LEVEL = "-Onone";
			};
			name = Debug;
		};
		4C132880251E5FA400B3B3B4 /* Release */ = {
			isa = XCBuildConfiguration;
			buildSettings = {
				ALWAYS_SEARCH_USER_PATHS = NO;
				CLANG_ANALYZER_NONNULL = YES;
				CLANG_ANALYZER_NUMBER_OBJECT_CONVERSION = YES_AGGRESSIVE;
				CLANG_CXX_LANGUAGE_STANDARD = "gnu++14";
				CLANG_CXX_LIBRARY = "libc++";
				CLANG_ENABLE_MODULES = YES;
				CLANG_ENABLE_OBJC_ARC = YES;
				CLANG_ENABLE_OBJC_WEAK = YES;
				CLANG_WARN_BLOCK_CAPTURE_AUTORELEASING = YES;
				CLANG_WARN_BOOL_CONVERSION = YES;
				CLANG_WARN_COMMA = YES;
				CLANG_WARN_CONSTANT_CONVERSION = YES;
				CLANG_WARN_DEPRECATED_OBJC_IMPLEMENTATIONS = YES;
				CLANG_WARN_DIRECT_OBJC_ISA_USAGE = YES_ERROR;
				CLANG_WARN_DOCUMENTATION_COMMENTS = YES;
				CLANG_WARN_EMPTY_BODY = YES;
				CLANG_WARN_ENUM_CONVERSION = YES;
				CLANG_WARN_INFINITE_RECURSION = YES;
				CLANG_WARN_INT_CONVERSION = YES;
				CLANG_WARN_NON_LITERAL_NULL_CONVERSION = YES;
				CLANG_WARN_OBJC_IMPLICIT_RETAIN_SELF = YES;
				CLANG_WARN_OBJC_LITERAL_CONVERSION = YES;
				CLANG_WARN_OBJC_ROOT_CLASS = YES_ERROR;
				CLANG_WARN_RANGE_LOOP_ANALYSIS = YES;
				CLANG_WARN_STRICT_PROTOTYPES = YES;
				CLANG_WARN_SUSPICIOUS_MOVE = YES;
				CLANG_WARN_UNGUARDED_AVAILABILITY = YES_AGGRESSIVE;
				CLANG_WARN_UNREACHABLE_CODE = YES;
				CLANG_WARN__DUPLICATE_METHOD_MATCH = YES;
				COPY_PHASE_STRIP = NO;
				DEBUG_INFORMATION_FORMAT = "dwarf-with-dsym";
				ENABLE_NS_ASSERTIONS = NO;
				ENABLE_STRICT_OBJC_MSGSEND = YES;
				GCC_C_LANGUAGE_STANDARD = gnu11;
				GCC_NO_COMMON_BLOCKS = YES;
				GCC_WARN_64_TO_32_BIT_CONVERSION = YES;
				GCC_WARN_ABOUT_RETURN_TYPE = YES_ERROR;
				GCC_WARN_UNDECLARED_SELECTOR = YES;
				GCC_WARN_UNINITIALIZED_AUTOS = YES_AGGRESSIVE;
				GCC_WARN_UNUSED_FUNCTION = YES;
				GCC_WARN_UNUSED_VARIABLE = YES;
				IPHONEOS_DEPLOYMENT_TARGET = 13.0;
				MTL_ENABLE_DEBUG_INFO = NO;
				MTL_FAST_MATH = YES;
				SDKROOT = iphoneos;
				SWIFT_COMPILATION_MODE = wholemodule;
				SWIFT_OPTIMIZATION_LEVEL = "-O";
				VALIDATE_PRODUCT = YES;
			};
			name = Release;
		};
		4C132882251E5FA400B3B3B4 /* Debug */ = {
			isa = XCBuildConfiguration;
			buildSettings = {
				ASSETCATALOG_COMPILER_APPICON_NAME = AppIcon;
				CODE_SIGN_STYLE = Automatic;
				DEVELOPMENT_TEAM = SEZCW6P8N8;
				INFOPLIST_FILE = SetGame/Info.plist;
				LD_RUNPATH_SEARCH_PATHS = (
					"$(inherited)",
					"@executable_path/Frameworks",
				);
				PRODUCT_BUNDLE_IDENTIFIER = edu.cuny.lehman.cmp464.instructor.SetGame;
				PRODUCT_NAME = "$(TARGET_NAME)";
				SWIFT_VERSION = 5.0;
				TARGETED_DEVICE_FAMILY = "1,2";
			};
			name = Debug;
		};
		4C132883251E5FA400B3B3B4 /* Release */ = {
			isa = XCBuildConfiguration;
			buildSettings = {
				ASSETCATALOG_COMPILER_APPICON_NAME = AppIcon;
				CODE_SIGN_STYLE = Automatic;
				DEVELOPMENT_TEAM = SEZCW6P8N8;
				INFOPLIST_FILE = SetGame/Info.plist;
				LD_RUNPATH_SEARCH_PATHS = (
					"$(inherited)",
					"@executable_path/Frameworks",
				);
				PRODUCT_BUNDLE_IDENTIFIER = edu.cuny.lehman.cmp464.instructor.SetGame;
				PRODUCT_NAME = "$(TARGET_NAME)";
				SWIFT_VERSION = 5.0;
				TARGETED_DEVICE_FAMILY = "1,2";
			};
			name = Release;
		};
/* End XCBuildConfiguration section */

/* Begin XCConfigurationList section */
		4C132868251E5FA200B3B3B4 /* Build configuration list for PBXProject "SetGame" */ = {
			isa = XCConfigurationList;
			buildConfigurations = (
				4C13287F251E5FA400B3B3B4 /* Debug */,
				4C132880251E5FA400B3B3B4 /* Release */,
			);
			defaultConfigurationIsVisible = 0;
			defaultConfigurationName = Release;
		};
		4C132881251E5FA400B3B3B4 /* Build configuration list for PBXNativeTarget "SetGame" */ = {
			isa = XCConfigurationList;
			buildConfigurations = (
				4C132882251E5FA400B3B3B4 /* Debug */,
				4C132883251E5FA400B3B3B4 /* Release */,
			);
			defaultConfigurationIsVisible = 0;
			defaultConfigurationName = Release;
		};
/* End XCConfigurationList section */
	};
	rootObject = 4C132865251E5FA200B3B3B4 /* Project object */;
}
